// !$*UTF8*$!
{
	archiveVersion = 1;
	classes = {
	};
	objectVersion = 50;
	objects = {

/* Begin PBXBuildFile section */
		DA01287421153EB8000B16CF /* StructureClass.swift in Sources */ = {isa = PBXBuildFile; fileRef = DA01287321153EB8000B16CF /* StructureClass.swift */; };
		DA2D29A121254EAB00282C7D /* OptionalChaining.swift in Sources */ = {isa = PBXBuildFile; fileRef = DA2D29A021254EAB00282C7D /* OptionalChaining.swift */; };
		DA5EFF1B20F5CC6600040E13 /* main.swift in Sources */ = {isa = PBXBuildFile; fileRef = DA5EFF1A20F5CC6600040E13 /* main.swift */; };
		DA5EFF2420F5CCB200040E13 /* OCObject.m in Sources */ = {isa = PBXBuildFile; fileRef = DA5EFF2320F5CCB200040E13 /* OCObject.m */; };
		DA6A922D212E3CEA006B4DA9 /* ErrorHandling.swift in Sources */ = {isa = PBXBuildFile; fileRef = DA6A922C212E3CEA006B4DA9 /* ErrorHandling.swift */; };
		DA71FE182140B58C00ACFA5D /* Generics.swift in Sources */ = {isa = PBXBuildFile; fileRef = DA71FE172140B58C00ACFA5D /* Generics.swift */; };
		DAABCE4A210D5C4300F98F5A /* Functions.swift in Sources */ = {isa = PBXBuildFile; fileRef = DAABCE49210D5C4300F98F5A /* Functions.swift */; };
		DAABCE4C210D5C6300F98F5A /* Closures.swift in Sources */ = {isa = PBXBuildFile; fileRef = DAABCE4B210D5C6300F98F5A /* Closures.swift */; };
		DAABCE4E210D5C8500F98F5A /* Enumerations.swift in Sources */ = {isa = PBXBuildFile; fileRef = DAABCE4D210D5C8500F98F5A /* Enumerations.swift */; };
		DAB224452137790200F02BDC /* NestedTypes.swift in Sources */ = {isa = PBXBuildFile; fileRef = DAB224442137790200F02BDC /* NestedTypes.swift */; };
		DAB2244721377E9500F02BDC /* Extensions.swift in Sources */ = {isa = PBXBuildFile; fileRef = DAB2244621377E9500F02BDC /* Extensions.swift */; };
		DAB224662138C9AE00F02BDC /* Protocols.swift in Sources */ = {isa = PBXBuildFile; fileRef = DAB224652138C9AE00F02BDC /* Protocols.swift */; };
		DACFA1ED21362EDC00998FFE /* TypeCasting.swift in Sources */ = {isa = PBXBuildFile; fileRef = DACFA1EC21362EDC00998FFE /* TypeCasting.swift */; };
/* End PBXBuildFile section */

/* Begin PBXCopyFilesBuildPhase section */
		DA5EFF1520F5CC6600040E13 /* CopyFiles */ = {
			isa = PBXCopyFilesBuildPhase;
			buildActionMask = 2147483647;
			dstPath = /usr/share/man/man1/;
			dstSubfolderSpec = 0;
			files = (
			);
			runOnlyForDeploymentPostprocessing = 1;
		};
/* End PBXCopyFilesBuildPhase section */

/* Begin PBXFileReference section */
		DA01287321153EB8000B16CF /* StructureClass.swift */ = {isa = PBXFileReference; lastKnownFileType = sourcecode.swift; path = StructureClass.swift; sourceTree = "<group>"; };
		DA2D29A021254EAB00282C7D /* OptionalChaining.swift */ = {isa = PBXFileReference; lastKnownFileType = sourcecode.swift; path = OptionalChaining.swift; sourceTree = "<group>"; };
		DA5EFF1720F5CC6600040E13 /* SwiftTestDemo */ = {isa = PBXFileReference; explicitFileType = "compiled.mach-o.executable"; includeInIndex = 0; path = SwiftTestDemo; sourceTree = BUILT_PRODUCTS_DIR; };
		DA5EFF1A20F5CC6600040E13 /* main.swift */ = {isa = PBXFileReference; lastKnownFileType = sourcecode.swift; path = main.swift; sourceTree = "<group>"; };
		DA5EFF2120F5CCB200040E13 /* SwiftTestDemo-Bridging-Header.h */ = {isa = PBXFileReference; lastKnownFileType = sourcecode.c.h; path = "SwiftTestDemo-Bridging-Header.h"; sourceTree = "<group>"; };
		DA5EFF2220F5CCB200040E13 /* OCObject.h */ = {isa = PBXFileReference; lastKnownFileType = sourcecode.c.h; path = OCObject.h; sourceTree = "<group>"; };
		DA5EFF2320F5CCB200040E13 /* OCObject.m */ = {isa = PBXFileReference; lastKnownFileType = sourcecode.c.objc; path = OCObject.m; sourceTree = "<group>"; };
		DA6A922C212E3CEA006B4DA9 /* ErrorHandling.swift */ = {isa = PBXFileReference; lastKnownFileType = sourcecode.swift; path = ErrorHandling.swift; sourceTree = "<group>"; };
		DA71FE172140B58C00ACFA5D /* Generics.swift */ = {isa = PBXFileReference; lastKnownFileType = sourcecode.swift; path = Generics.swift; sourceTree = "<group>"; };
		DAABCE49210D5C4300F98F5A /* Functions.swift */ = {isa = PBXFileReference; lastKnownFileType = sourcecode.swift; path = Functions.swift; sourceTree = "<group>"; };
		DAABCE4B210D5C6300F98F5A /* Closures.swift */ = {isa = PBXFileReference; lastKnownFileType = sourcecode.swift; path = Closures.swift; sourceTree = "<group>"; };
		DAABCE4D210D5C8500F98F5A /* Enumerations.swift */ = {isa = PBXFileReference; lastKnownFileType = sourcecode.swift; path = Enumerations.swift; sourceTree = "<group>"; };
		DAB224442137790200F02BDC /* NestedTypes.swift */ = {isa = PBXFileReference; lastKnownFileType = sourcecode.swift; path = NestedTypes.swift; sourceTree = "<group>"; };
		DAB2244621377E9500F02BDC /* Extensions.swift */ = {isa = PBXFileReference; lastKnownFileType = sourcecode.swift; path = Extensions.swift; sourceTree = "<group>"; };
		DAB224652138C9AE00F02BDC /* Protocols.swift */ = {isa = PBXFileReference; lastKnownFileType = sourcecode.swift; path = Protocols.swift; sourceTree = "<group>"; };
		DACFA1EC21362EDC00998FFE /* TypeCasting.swift */ = {isa = PBXFileReference; lastKnownFileType = sourcecode.swift; path = TypeCasting.swift; sourceTree = "<group>"; };
/* End PBXFileReference section */

/* Begin PBXFrameworksBuildPhase section */
		DA5EFF1420F5CC6600040E13 /* Frameworks */ = {
			isa = PBXFrameworksBuildPhase;
			buildActionMask = 2147483647;
			files = (
			);
			runOnlyForDeploymentPostprocessing = 0;
		};
/* End PBXFrameworksBuildPhase section */

/* Begin PBXGroup section */
		DA5EFF0E20F5CC6600040E13 = {
			isa = PBXGroup;
			children = (
				DA5EFF1920F5CC6600040E13 /* SwiftTestDemo */,
				DA5EFF1820F5CC6600040E13 /* Products */,
			);
			sourceTree = "<group>";
		};
		DA5EFF1820F5CC6600040E13 /* Products */ = {
			isa = PBXGroup;
			children = (
				DA5EFF1720F5CC6600040E13 /* SwiftTestDemo */,
			);
			name = Products;
			sourceTree = "<group>";
		};
		DA5EFF1920F5CC6600040E13 /* SwiftTestDemo */ = {
			isa = PBXGroup;
			children = (
				DA5EFF1A20F5CC6600040E13 /* main.swift */,
				DAABCE49210D5C4300F98F5A /* Functions.swift */,
				DAABCE4B210D5C6300F98F5A /* Closures.swift */,
				DAABCE4D210D5C8500F98F5A /* Enumerations.swift */,
				DA01287321153EB8000B16CF /* StructureClass.swift */,
				DA2D29A021254EAB00282C7D /* OptionalChaining.swift */,
				DA6A922C212E3CEA006B4DA9 /* ErrorHandling.swift */,
				DACFA1EC21362EDC00998FFE /* TypeCasting.swift */,
				DAB224442137790200F02BDC /* NestedTypes.swift */,
				DAB2244621377E9500F02BDC /* Extensions.swift */,
				DAB224652138C9AE00F02BDC /* Protocols.swift */,
				DA71FE172140B58C00ACFA5D /* Generics.swift */,
				DA5EFF2220F5CCB200040E13 /* OCObject.h */,
				DA5EFF2320F5CCB200040E13 /* OCObject.m */,
				DA5EFF2120F5CCB200040E13 /* SwiftTestDemo-Bridging-Header.h */,
			);
			path = SwiftTestDemo;
			sourceTree = "<group>";
		};
/* End PBXGroup section */

/* Begin PBXNativeTarget section */
		DA5EFF1620F5CC6600040E13 /* SwiftTestDemo */ = {
			isa = PBXNativeTarget;
			buildConfigurationList = DA5EFF1E20F5CC6600040E13 /* Build configuration list for PBXNativeTarget "SwiftTestDemo" */;
			buildPhases = (
				DA5EFF1320F5CC6600040E13 /* Sources */,
				DA5EFF1420F5CC6600040E13 /* Frameworks */,
				DA5EFF1520F5CC6600040E13 /* CopyFiles */,
			);
			buildRules = (
			);
			dependencies = (
			);
			name = SwiftTestDemo;
			productName = SwiftTestDemo;
			productReference = DA5EFF1720F5CC6600040E13 /* SwiftTestDemo */;
			productType = "com.apple.product-type.tool";
		};
/* End PBXNativeTarget section */

/* Begin PBXProject section */
		DA5EFF0F20F5CC6600040E13 /* Project object */ = {
			isa = PBXProject;
			attributes = {
				LastSwiftUpdateCheck = 0930;
				LastUpgradeCheck = 0930;
				ORGANIZATIONNAME = myz;
				TargetAttributes = {
					DA5EFF1620F5CC6600040E13 = {
						CreatedOnToolsVersion = 9.3;
						LastSwiftMigration = 0930;
					};
				};
			};
			buildConfigurationList = DA5EFF1220F5CC6600040E13 /* Build configuration list for PBXProject "SwiftTestDemo" */;
			compatibilityVersion = "Xcode 9.3";
			developmentRegion = en;
			hasScannedForEncodings = 0;
			knownRegions = (
				en,
			);
			mainGroup = DA5EFF0E20F5CC6600040E13;
			productRefGroup = DA5EFF1820F5CC6600040E13 /* Products */;
			projectDirPath = "";
			projectRoot = "";
			targets = (
				DA5EFF1620F5CC6600040E13 /* SwiftTestDemo */,
			);
		};
/* End PBXProject section */

/* Begin PBXSourcesBuildPhase section */
		DA5EFF1320F5CC6600040E13 /* Sources */ = {
			isa = PBXSourcesBuildPhase;
			buildActionMask = 2147483647;
			files = (
				DAB224452137790200F02BDC /* NestedTypes.swift in Sources */,
				DA5EFF2420F5CCB200040E13 /* OCObject.m in Sources */,
				DAABCE4C210D5C6300F98F5A /* Closures.swift in Sources */,
				DAB224662138C9AE00F02BDC /* Protocols.swift in Sources */,
				DA71FE182140B58C00ACFA5D /* Generics.swift in Sources */,
				DA01287421153EB8000B16CF /* StructureClass.swift in Sources */,
				DA2D29A121254EAB00282C7D /* OptionalChaining.swift in Sources */,
				DA5EFF1B20F5CC6600040E13 /* main.swift in Sources */,
				DACFA1ED21362EDC00998FFE /* TypeCasting.swift in Sources */,
				DA6A922D212E3CEA006B4DA9 /* ErrorHandling.swift in Sources */,
				DAABCE4E210D5C8500F98F5A /* Enumerations.swift in Sources */,
				DAB2244721377E9500F02BDC /* Extensions.swift in Sources */,
				DAABCE4A210D5C4300F98F5A /* Functions.swift in Sources */,
			);
			runOnlyForDeploymentPostprocessing = 0;
		};
/* End PBXSourcesBuildPhase section */

/* Begin XCBuildConfiguration section */
		DA5EFF1C20F5CC6600040E13 /* Debug */ = {
			isa = XCBuildConfiguration;
			buildSettings = {
				ALWAYS_SEARCH_USER_PATHS = NO;
				CLANG_ANALYZER_NONNULL = YES;
				CLANG_ANALYZER_NUMBER_OBJECT_CONVERSION = YES_AGGRESSIVE;
				CLANG_CXX_LANGUAGE_STANDARD = "gnu++14";
				CLANG_CXX_LIBRARY = "libc++";
				CLANG_ENABLE_MODULES = YES;
				CLANG_ENABLE_OBJC_ARC = YES;
				CLANG_ENABLE_OBJC_WEAK = YES;
				CLANG_WARN_BLOCK_CAPTURE_AUTORELEASING = YES;
				CLANG_WARN_BOOL_CONVERSION = YES;
				CLANG_WARN_COMMA = YES;
				CLANG_WARN_CONSTANT_CONVERSION = YES;
				CLANG_WARN_DEPRECATED_OBJC_IMPLEMENTATIONS = YES;
				CLANG_WARN_DIRECT_OBJC_ISA_USAGE = YES_ERROR;
				CLANG_WARN_DOCUMENTATION_COMMENTS = YES;
				CLANG_WARN_EMPTY_BODY = YES;
				CLANG_WARN_ENUM_CONVERSION = YES;
				CLANG_WARN_INFINITE_RECURSION = YES;
				CLANG_WARN_INT_CONVERSION = YES;
				CLANG_WARN_NON_LITERAL_NULL_CONVERSION = YES;
				CLANG_WARN_OBJC_IMPLICIT_RETAIN_SELF = YES;
				CLANG_WARN_OBJC_LITERAL_CONVERSION = YES;
				CLANG_WARN_OBJC_ROOT_CLASS = YES_ERROR;
				CLANG_WARN_RANGE_LOOP_ANALYSIS = YES;
				CLANG_WARN_STRICT_PROTOTYPES = YES;
				CLANG_WARN_SUSPICIOUS_MOVE = YES;
				CLANG_WARN_UNGUARDED_AVAILABILITY = YES_AGGRESSIVE;
				CLANG_WARN_UNREACHABLE_CODE = YES;
				CLANG_WARN__DUPLICATE_METHOD_MATCH = YES;
				CODE_SIGN_IDENTITY = "-";
				COPY_PHASE_STRIP = NO;
				DEBUG_INFORMATION_FORMAT = dwarf;
				ENABLE_STRICT_OBJC_MSGSEND = YES;
				ENABLE_TESTABILITY = YES;
				GCC_C_LANGUAGE_STANDARD = gnu11;
				GCC_DYNAMIC_NO_PIC = NO;
				GCC_NO_COMMON_BLOCKS = YES;
				GCC_OPTIMIZATION_LEVEL = 0;
				GCC_PREPROCESSOR_DEFINITIONS = (
					"DEBUG=1",
					"$(inherited)",
				);
				GCC_WARN_64_TO_32_BIT_CONVERSION = YES;
				GCC_WARN_ABOUT_RETURN_TYPE = YES_ERROR;
				GCC_WARN_UNDECLARED_SELECTOR = YES;
				GCC_WARN_UNINITIALIZED_AUTOS = YES_AGGRESSIVE;
				GCC_WARN_UNUSED_FUNCTION = YES;
				GCC_WARN_UNUSED_VARIABLE = YES;
				MACOSX_DEPLOYMENT_TARGET = 10.13;
				MTL_ENABLE_DEBUG_INFO = YES;
				ONLY_ACTIVE_ARCH = YES;
				SDKROOT = macosx;
				SWIFT_ACTIVE_COMPILATION_CONDITIONS = DEBUG;
				SWIFT_OPTIMIZATION_LEVEL = "-Onone";
			};
			name = Debug;
		};
		DA5EFF1D20F5CC6600040E13 /* Release */ = {
			isa = XCBuildConfiguration;
			buildSettings = {
				ALWAYS_SEARCH_USER_PATHS = NO;
				CLANG_ANALYZER_NONNULL = YES;
				CLANG_ANALYZER_NUMBER_OBJECT_CONVERSION = YES_AGGRESSIVE;
				CLANG_CXX_LANGUAGE_STANDARD = "gnu++14";
				CLANG_CXX_LIBRARY = "libc++";
				CLANG_ENABLE_MODULES = YES;
				CLANG_ENABLE_OBJC_ARC = YES;
				CLANG_ENABLE_OBJC_WEAK = YES;
				CLANG_WARN_BLOCK_CAPTURE_AUTORELEASING = YES;
				CLANG_WARN_BOOL_CONVERSION = YES;
				CLANG_WARN_COMMA = YES;
				CLANG_WARN_CONSTANT_CONVERSION = YES;
				CLANG_WARN_DEPRECATED_OBJC_IMPLEMENTATIONS = YES;
				CLANG_WARN_DIRECT_OBJC_ISA_USAGE = YES_ERROR;
				CLANG_WARN_DOCUMENTATION_COMMENTS = YES;
				CLANG_WARN_EMPTY_BODY = YES;
				CLANG_WARN_ENUM_CONVERSION = YES;
				CLANG_WARN_INFINITE_RECURSION = YES;
				CLANG_WARN_INT_CONVERSION = YES;
				CLANG_WARN_NON_LITERAL_NULL_CONVERSION = YES;
				CLANG_WARN_OBJC_IMPLICIT_RETAIN_SELF = YES;
				CLANG_WARN_OBJC_LITERAL_CONVERSION = YES;
				CLANG_WARN_OBJC_ROOT_CLASS = YES_ERROR;
				CLANG_WARN_RANGE_LOOP_ANALYSIS = YES;
				CLANG_WARN_STRICT_PROTOTYPES = YES;
				CLANG_WARN_SUSPICIOUS_MOVE = YES;
				CLANG_WARN_UNGUARDED_AVAILABILITY = YES_AGGRESSIVE;
				CLANG_WARN_UNREACHABLE_CODE = YES;
				CLANG_WARN__DUPLICATE_METHOD_MATCH = YES;
				CODE_SIGN_IDENTITY = "-";
				COPY_PHASE_STRIP = NO;
				DEBUG_INFORMATION_FORMAT = "dwarf-with-dsym";
				ENABLE_NS_ASSERTIONS = NO;
				ENABLE_STRICT_OBJC_MSGSEND = YES;
				GCC_C_LANGUAGE_STANDARD = gnu11;
				GCC_NO_COMMON_BLOCKS = YES;
				GCC_WARN_64_TO_32_BIT_CONVERSION = YES;
				GCC_WARN_ABOUT_RETURN_TYPE = YES_ERROR;
				GCC_WARN_UNDECLARED_SELECTOR = YES;
				GCC_WARN_UNINITIALIZED_AUTOS = YES_AGGRESSIVE;
				GCC_WARN_UNUSED_FUNCTION = YES;
				GCC_WARN_UNUSED_VARIABLE = YES;
				MACOSX_DEPLOYMENT_TARGET = 10.13;
				MTL_ENABLE_DEBUG_INFO = NO;
				SDKROOT = macosx;
				SWIFT_COMPILATION_MODE = wholemodule;
				SWIFT_OPTIMIZATION_LEVEL = "-O";
			};
			name = Release;
		};
		DA5EFF1F20F5CC6600040E13 /* Debug */ = {
			isa = XCBuildConfiguration;
			buildSettings = {
				CLANG_ENABLE_MODULES = YES;
				CODE_SIGN_STYLE = Automatic;
				DEFINES_MODULE = YES;
				LD_RUNPATH_SEARCH_PATHS = (
					"$(inherited)",
					"@executable_path/../Frameworks",
					"@loader_path/../Frameworks",
				);
				PRODUCT_NAME = "$(TARGET_NAME)";
				SWIFT_OBJC_BRIDGING_HEADER = "SwiftTestDemo/SwiftTestDemo-Bridging-Header.h";
				SWIFT_OPTIMIZATION_LEVEL = "-Onone";
				SWIFT_VERSION = 4.0;
			};
			name = Debug;
		};
		DA5EFF2020F5CC6600040E13 /* Release */ = {
			isa = XCBuildConfiguration;
			buildSettings = {
				CLANG_ENABLE_MODULES = YES;
				CODE_SIGN_STYLE = Automatic;
				DEFINES_MODULE = YES;
				LD_RUNPATH_SEARCH_PATHS = (
					"$(inherited)",
					"@executable_path/../Frameworks",
					"@loader_path/../Frameworks",
				);
				PRODUCT_NAME = "$(TARGET_NAME)";
				SWIFT_OBJC_BRIDGING_HEADER = "SwiftTestDemo/SwiftTestDemo-Bridging-Header.h";
				SWIFT_VERSION = 4.0;
			};
			name = Release;
		};
/* End XCBuildConfiguration section */

/* Begin XCConfigurationList section */
		DA5EFF1220F5CC6600040E13 /* Build configuration list for PBXProject "SwiftTestDemo" */ = {
			isa = XCConfigurationList;
			buildConfigurations = (
				DA5EFF1C20F5CC6600040E13 /* Debug */,
				DA5EFF1D20F5CC6600040E13 /* Release */,
			);
			defaultConfigurationIsVisible = 0;
			defaultConfigurationName = Release;
		};
		DA5EFF1E20F5CC6600040E13 /* Build configuration list for PBXNativeTarget "SwiftTestDemo" */ = {
			isa = XCConfigurationList;
			buildConfigurations = (
				DA5EFF1F20F5CC6600040E13 /* Debug */,
				DA5EFF2020F5CC6600040E13 /* Release */,
			);
			defaultConfigurationIsVisible = 0;
			defaultConfigurationName = Release;
		};
/* End XCConfigurationList section */
	};
	rootObject = DA5EFF0F20F5CC6600040E13 /* Project object */;
}
