// !$*UTF8*$!
{
	archiveVersion = 1;
	classes = {
	};
	objectVersion = 48;
	objects = {

/* Begin PBXBuildFile section */
		182311B31FFCE19300A8C0F1 /* PlayingCardController.swift in Sources */ = {isa = PBXBuildFile; fileRef = 182311B21FFCE19300A8C0F1 /* PlayingCardController.swift */; };
		182311B51FFCE20900A8C0F1 /* PlayingCard.swift in Sources */ = {isa = PBXBuildFile; fileRef = 182311B41FFCE20900A8C0F1 /* PlayingCard.swift */; };
		184B821B1FC02D0A00C11AB3 /* AppDelegate.swift in Sources */ = {isa = PBXBuildFile; fileRef = 184B821A1FC02D0A00C11AB3 /* AppDelegate.swift */; };
		184B821D1FC02D0A00C11AB3 /* ViewController.swift in Sources */ = {isa = PBXBuildFile; fileRef = 184B821C1FC02D0A00C11AB3 /* ViewController.swift */; };
		184B82201FC02D0A00C11AB3 /* Main.storyboard in Resources */ = {isa = PBXBuildFile; fileRef = 184B821E1FC02D0A00C11AB3 /* Main.storyboard */; };
		184B82221FC02D0A00C11AB3 /* Assets.xcassets in Resources */ = {isa = PBXBuildFile; fileRef = 184B82211FC02D0A00C11AB3 /* Assets.xcassets */; };
		184B82251FC02D0A00C11AB3 /* LaunchScreen.storyboard in Resources */ = {isa = PBXBuildFile; fileRef = 184B82231FC02D0A00C11AB3 /* LaunchScreen.storyboard */; };
		184B82301FC0322200C11AB3 /* ConcentrationController.swift in Sources */ = {isa = PBXBuildFile; fileRef = 184B822E1FC0322200C11AB3 /* ConcentrationController.swift */; };
		184B82311FC0322200C11AB3 /* ConcentrationController.xib in Resources */ = {isa = PBXBuildFile; fileRef = 184B822F1FC0322200C11AB3 /* ConcentrationController.xib */; };
		18769A161FFF968300F88C6F /* PlayingCardDeck.swift in Sources */ = {isa = PBXBuildFile; fileRef = 18769A151FFF968300F88C6F /* PlayingCardDeck.swift */; };
		DA29C33F1FC39DD800E240F0 /* Concentration.swift in Sources */ = {isa = PBXBuildFile; fileRef = DA29C33E1FC39DD800E240F0 /* Concentration.swift */; };
		DA29C3411FC39DE200E240F0 /* Card.swift in Sources */ = {isa = PBXBuildFile; fileRef = DA29C3401FC39DE200E240F0 /* Card.swift */; };
		DA95A7F82007780A001D6B23 /* PlayingCard.storyboard in Resources */ = {isa = PBXBuildFile; fileRef = DA95A7F72007780A001D6B23 /* PlayingCard.storyboard */; };
/* End PBXBuildFile section */

/* Begin PBXFileReference section */
		182311B21FFCE19300A8C0F1 /* PlayingCardController.swift */ = {isa = PBXFileReference; lastKnownFileType = sourcecode.swift; path = PlayingCardController.swift; sourceTree = "<group>"; };
		182311B41FFCE20900A8C0F1 /* PlayingCard.swift */ = {isa = PBXFileReference; lastKnownFileType = sourcecode.swift; path = PlayingCard.swift; sourceTree = "<group>"; };
		184B82171FC02D0A00C11AB3 /* SwiftDemo.app */ = {isa = PBXFileReference; explicitFileType = wrapper.application; includeInIndex = 0; path = SwiftDemo.app; sourceTree = BUILT_PRODUCTS_DIR; };
		184B821A1FC02D0A00C11AB3 /* AppDelegate.swift */ = {isa = PBXFileReference; lastKnownFileType = sourcecode.swift; path = AppDelegate.swift; sourceTree = "<group>"; };
		184B821C1FC02D0A00C11AB3 /* ViewController.swift */ = {isa = PBXFileReference; lastKnownFileType = sourcecode.swift; path = ViewController.swift; sourceTree = "<group>"; };
		184B821F1FC02D0A00C11AB3 /* Base */ = {isa = PBXFileReference; lastKnownFileType = file.storyboard; name = Base; path = Base.lproj/Main.storyboard; sourceTree = "<group>"; };
		184B82211FC02D0A00C11AB3 /* Assets.xcassets */ = {isa = PBXFileReference; lastKnownFileType = folder.assetcatalog; path = Assets.xcassets; sourceTree = "<group>"; };
		184B82241FC02D0A00C11AB3 /* Base */ = {isa = PBXFileReference; lastKnownFileType = file.storyboard; name = Base; path = Base.lproj/LaunchScreen.storyboard; sourceTree = "<group>"; };
		184B82261FC02D0A00C11AB3 /* Info.plist */ = {isa = PBXFileReference; lastKnownFileType = text.plist.xml; path = Info.plist; sourceTree = "<group>"; };
		184B822E1FC0322200C11AB3 /* ConcentrationController.swift */ = {isa = PBXFileReference; lastKnownFileType = sourcecode.swift; path = ConcentrationController.swift; sourceTree = "<group>"; };
		184B822F1FC0322200C11AB3 /* ConcentrationController.xib */ = {isa = PBXFileReference; lastKnownFileType = file.xib; path = ConcentrationController.xib; sourceTree = "<group>"; };
		18769A151FFF968300F88C6F /* PlayingCardDeck.swift */ = {isa = PBXFileReference; lastKnownFileType = sourcecode.swift; path = PlayingCardDeck.swift; sourceTree = "<group>"; };
		DA29C33E1FC39DD800E240F0 /* Concentration.swift */ = {isa = PBXFileReference; lastKnownFileType = sourcecode.swift; path = Concentration.swift; sourceTree = "<group>"; };
		DA29C3401FC39DE200E240F0 /* Card.swift */ = {isa = PBXFileReference; lastKnownFileType = sourcecode.swift; path = Card.swift; sourceTree = "<group>"; };
		DA95A7F72007780A001D6B23 /* PlayingCard.storyboard */ = {isa = PBXFileReference; lastKnownFileType = file.storyboard; path = PlayingCard.storyboard; sourceTree = "<group>"; };
/* End PBXFileReference section */

/* Begin PBXFrameworksBuildPhase section */
		184B82141FC02D0A00C11AB3 /* Frameworks */ = {
			isa = PBXFrameworksBuildPhase;
			buildActionMask = 2147483647;
			files = (
			);
			runOnlyForDeploymentPostprocessing = 0;
		};
/* End PBXFrameworksBuildPhase section */

/* Begin PBXGroup section */
		182311B11FFCE0FE00A8C0F1 /* PlayingCard */ = {
			isa = PBXGroup;
			children = (
				182311B21FFCE19300A8C0F1 /* PlayingCardController.swift */,
				182311B41FFCE20900A8C0F1 /* PlayingCard.swift */,
				18769A151FFF968300F88C6F /* PlayingCardDeck.swift */,
				DA95A7F72007780A001D6B23 /* PlayingCard.storyboard */,
			);
			path = PlayingCard;
			sourceTree = "<group>";
		};
		184B820E1FC02D0A00C11AB3 = {
			isa = PBXGroup;
			children = (
				184B82191FC02D0A00C11AB3 /* SwiftDemo */,
				184B82181FC02D0A00C11AB3 /* Products */,
			);
			sourceTree = "<group>";
		};
		184B82181FC02D0A00C11AB3 /* Products */ = {
			isa = PBXGroup;
			children = (
				184B82171FC02D0A00C11AB3 /* SwiftDemo.app */,
			);
			name = Products;
			sourceTree = "<group>";
		};
		184B82191FC02D0A00C11AB3 /* SwiftDemo */ = {
			isa = PBXGroup;
			children = (
				184B821A1FC02D0A00C11AB3 /* AppDelegate.swift */,
				184B821C1FC02D0A00C11AB3 /* ViewController.swift */,
				182311B11FFCE0FE00A8C0F1 /* PlayingCard */,
				184B822D1FC02DFD00C11AB3 /* Concentration */,
				184B822C1FC02D9D00C11AB3 /* SupportingFiles */,
			);
			path = SwiftDemo;
			sourceTree = "<group>";
		};
		184B822C1FC02D9D00C11AB3 /* SupportingFiles */ = {
			isa = PBXGroup;
			children = (
				184B82261FC02D0A00C11AB3 /* Info.plist */,
				184B821E1FC02D0A00C11AB3 /* Main.storyboard */,
				184B82211FC02D0A00C11AB3 /* Assets.xcassets */,
				184B82231FC02D0A00C11AB3 /* LaunchScreen.storyboard */,
			);
			path = SupportingFiles;
			sourceTree = "<group>";
		};
		184B822D1FC02DFD00C11AB3 /* Concentration */ = {
			isa = PBXGroup;
			children = (
				184B822E1FC0322200C11AB3 /* ConcentrationController.swift */,
				184B822F1FC0322200C11AB3 /* ConcentrationController.xib */,
				DA29C33E1FC39DD800E240F0 /* Concentration.swift */,
				DA29C3401FC39DE200E240F0 /* Card.swift */,
			);
			path = Concentration;
			sourceTree = "<group>";
		};
/* End PBXGroup section */

/* Begin PBXNativeTarget section */
		184B82161FC02D0A00C11AB3 /* SwiftDemo */ = {
			isa = PBXNativeTarget;
			buildConfigurationList = 184B82291FC02D0A00C11AB3 /* Build configuration list for PBXNativeTarget "SwiftDemo" */;
			buildPhases = (
				184B82131FC02D0A00C11AB3 /* Sources */,
				184B82141FC02D0A00C11AB3 /* Frameworks */,
				184B82151FC02D0A00C11AB3 /* Resources */,
			);
			buildRules = (
			);
			dependencies = (
			);
			name = SwiftDemo;
			productName = SwiftDemo;
			productReference = 184B82171FC02D0A00C11AB3 /* SwiftDemo.app */;
			productType = "com.apple.product-type.application";
		};
/* End PBXNativeTarget section */

/* Begin PBXProject section */
		184B820F1FC02D0A00C11AB3 /* Project object */ = {
			isa = PBXProject;
			attributes = {
				LastSwiftUpdateCheck = 0910;
				LastUpgradeCheck = 0910;
				ORGANIZATIONNAME = MYZ;
				TargetAttributes = {
					184B82161FC02D0A00C11AB3 = {
						CreatedOnToolsVersion = 9.1;
						ProvisioningStyle = Automatic;
					};
				};
			};
			buildConfigurationList = 184B82121FC02D0A00C11AB3 /* Build configuration list for PBXProject "SwiftDemo" */;
			compatibilityVersion = "Xcode 8.0";
			developmentRegion = en;
			hasScannedForEncodings = 0;
			knownRegions = (
				en,
				Base,
			);
			mainGroup = 184B820E1FC02D0A00C11AB3;
			productRefGroup = 184B82181FC02D0A00C11AB3 /* Products */;
			projectDirPath = "";
			projectRoot = "";
			targets = (
				184B82161FC02D0A00C11AB3 /* SwiftDemo */,
			);
		};
/* End PBXProject section */

/* Begin PBXResourcesBuildPhase section */
		184B82151FC02D0A00C11AB3 /* Resources */ = {
			isa = PBXResourcesBuildPhase;
			buildActionMask = 2147483647;
			files = (
				184B82251FC02D0A00C11AB3 /* LaunchScreen.storyboard in Resources */,
				184B82221FC02D0A00C11AB3 /* Assets.xcassets in Resources */,
				184B82201FC02D0A00C11AB3 /* Main.storyboard in Resources */,
				184B82311FC0322200C11AB3 /* ConcentrationController.xib in Resources */,
				DA95A7F82007780A001D6B23 /* PlayingCard.storyboard in Resources */,
			);
			runOnlyForDeploymentPostprocessing = 0;
		};
/* End PBXResourcesBuildPhase section */

/* Begin PBXSourcesBuildPhase section */
		184B82131FC02D0A00C11AB3 /* Sources */ = {
			isa = PBXSourcesBuildPhase;
			buildActionMask = 2147483647;
			files = (
				184B82301FC0322200C11AB3 /* ConcentrationController.swift in Sources */,
				DA29C33F1FC39DD800E240F0 /* Concentration.swift in Sources */,
				182311B31FFCE19300A8C0F1 /* PlayingCardController.swift in Sources */,
				DA29C3411FC39DE200E240F0 /* Card.swift in Sources */,
				184B821D1FC02D0A00C11AB3 /* ViewController.swift in Sources */,
				18769A161FFF968300F88C6F /* PlayingCardDeck.swift in Sources */,
				182311B51FFCE20900A8C0F1 /* PlayingCard.swift in Sources */,
				184B821B1FC02D0A00C11AB3 /* AppDelegate.swift in Sources */,
			);
			runOnlyForDeploymentPostprocessing = 0;
		};
/* End PBXSourcesBuildPhase section */

/* Begin PBXVariantGroup section */
		184B821E1FC02D0A00C11AB3 /* Main.storyboard */ = {
			isa = PBXVariantGroup;
			children = (
				184B821F1FC02D0A00C11AB3 /* Base */,
			);
			name = Main.storyboard;
			sourceTree = "<group>";
		};
		184B82231FC02D0A00C11AB3 /* LaunchScreen.storyboard */ = {
			isa = PBXVariantGroup;
			children = (
				184B82241FC02D0A00C11AB3 /* Base */,
			);
			name = LaunchScreen.storyboard;
			sourceTree = "<group>";
		};
/* End PBXVariantGroup section */

/* Begin XCBuildConfiguration section */
		184B82271FC02D0A00C11AB3 /* Debug */ = {
			isa = XCBuildConfiguration;
			buildSettings = {
				ALWAYS_SEARCH_USER_PATHS = NO;
				CLANG_ANALYZER_NONNULL = YES;
				CLANG_ANALYZER_NUMBER_OBJECT_CONVERSION = YES_AGGRESSIVE;
				CLANG_CXX_LANGUAGE_STANDARD = "gnu++14";
				CLANG_CXX_LIBRARY = "libc++";
				CLANG_ENABLE_MODULES = YES;
				CLANG_ENABLE_OBJC_ARC = YES;
				CLANG_WARN_BLOCK_CAPTURE_AUTORELEASING = YES;
				CLANG_WARN_BOOL_CONVERSION = YES;
				CLANG_WARN_COMMA = YES;
				CLANG_WARN_CONSTANT_CONVERSION = YES;
				CLANG_WARN_DIRECT_OBJC_ISA_USAGE = YES_ERROR;
				CLANG_WARN_DOCUMENTATION_COMMENTS = YES;
				CLANG_WARN_EMPTY_BODY = YES;
				CLANG_WARN_ENUM_CONVERSION = YES;
				CLANG_WARN_INFINITE_RECURSION = YES;
				CLANG_WARN_INT_CONVERSION = YES;
				CLANG_WARN_NON_LITERAL_NULL_CONVERSION = YES;
				CLANG_WARN_OBJC_LITERAL_CONVERSION = YES;
				CLANG_WARN_OBJC_ROOT_CLASS = YES_ERROR;
				CLANG_WARN_RANGE_LOOP_ANALYSIS = YES;
				CLANG_WARN_STRICT_PROTOTYPES = YES;
				CLANG_WARN_SUSPICIOUS_MOVE = YES;
				CLANG_WARN_UNGUARDED_AVAILABILITY = YES_AGGRESSIVE;
				CLANG_WARN_UNREACHABLE_CODE = YES;
				CLANG_WARN__DUPLICATE_METHOD_MATCH = YES;
				CODE_SIGN_IDENTITY = "iPhone Developer";
				COPY_PHASE_STRIP = NO;
				DEBUG_INFORMATION_FORMAT = dwarf;
				ENABLE_STRICT_OBJC_MSGSEND = YES;
				ENABLE_TESTABILITY = YES;
				GCC_C_LANGUAGE_STANDARD = gnu11;
				GCC_DYNAMIC_NO_PIC = NO;
				GCC_NO_COMMON_BLOCKS = YES;
				GCC_OPTIMIZATION_LEVEL = 0;
				GCC_PREPROCESSOR_DEFINITIONS = (
					"DEBUG=1",
					"$(inherited)",
				);
				GCC_WARN_64_TO_32_BIT_CONVERSION = YES;
				GCC_WARN_ABOUT_RETURN_TYPE = YES_ERROR;
				GCC_WARN_UNDECLARED_SELECTOR = YES;
				GCC_WARN_UNINITIALIZED_AUTOS = YES_AGGRESSIVE;
				GCC_WARN_UNUSED_FUNCTION = YES;
				GCC_WARN_UNUSED_VARIABLE = YES;
				IPHONEOS_DEPLOYMENT_TARGET = 11.1;
				MTL_ENABLE_DEBUG_INFO = YES;
				ONLY_ACTIVE_ARCH = YES;
				SDKROOT = iphoneos;
				SWIFT_ACTIVE_COMPILATION_CONDITIONS = DEBUG;
				SWIFT_OPTIMIZATION_LEVEL = "-Onone";
			};
			name = Debug;
		};
		184B82281FC02D0A00C11AB3 /* Release */ = {
			isa = XCBuildConfiguration;
			buildSettings = {
				ALWAYS_SEARCH_USER_PATHS = NO;
				CLANG_ANALYZER_NONNULL = YES;
				CLANG_ANALYZER_NUMBER_OBJECT_CONVERSION = YES_AGGRESSIVE;
				CLANG_CXX_LANGUAGE_STANDARD = "gnu++14";
				CLANG_CXX_LIBRARY = "libc++";
				CLANG_ENABLE_MODULES = YES;
				CLANG_ENABLE_OBJC_ARC = YES;
				CLANG_WARN_BLOCK_CAPTURE_AUTORELEASING = YES;
				CLANG_WARN_BOOL_CONVERSION = YES;
				CLANG_WARN_COMMA = YES;
				CLANG_WARN_CONSTANT_CONVERSION = YES;
				CLANG_WARN_DIRECT_OBJC_ISA_USAGE = YES_ERROR;
				CLANG_WARN_DOCUMENTATION_COMMENTS = YES;
				CLANG_WARN_EMPTY_BODY = YES;
				CLANG_WARN_ENUM_CONVERSION = YES;
				CLANG_WARN_INFINITE_RECURSION = YES;
				CLANG_WARN_INT_CONVERSION = YES;
				CLANG_WARN_NON_LITERAL_NULL_CONVERSION = YES;
				CLANG_WARN_OBJC_LITERAL_CONVERSION = YES;
				CLANG_WARN_OBJC_ROOT_CLASS = YES_ERROR;
				CLANG_WARN_RANGE_LOOP_ANALYSIS = YES;
				CLANG_WARN_STRICT_PROTOTYPES = YES;
				CLANG_WARN_SUSPICIOUS_MOVE = YES;
				CLANG_WARN_UNGUARDED_AVAILABILITY = YES_AGGRESSIVE;
				CLANG_WARN_UNREACHABLE_CODE = YES;
				CLANG_WARN__DUPLICATE_METHOD_MATCH = YES;
				CODE_SIGN_IDENTITY = "iPhone Developer";
				COPY_PHASE_STRIP = NO;
				DEBUG_INFORMATION_FORMAT = "dwarf-with-dsym";
				ENABLE_NS_ASSERTIONS = NO;
				ENABLE_STRICT_OBJC_MSGSEND = YES;
				GCC_C_LANGUAGE_STANDARD = gnu11;
				GCC_NO_COMMON_BLOCKS = YES;
				GCC_WARN_64_TO_32_BIT_CONVERSION = YES;
				GCC_WARN_ABOUT_RETURN_TYPE = YES_ERROR;
				GCC_WARN_UNDECLARED_SELECTOR = YES;
				GCC_WARN_UNINITIALIZED_AUTOS = YES_AGGRESSIVE;
				GCC_WARN_UNUSED_FUNCTION = YES;
				GCC_WARN_UNUSED_VARIABLE = YES;
				IPHONEOS_DEPLOYMENT_TARGET = 11.1;
				MTL_ENABLE_DEBUG_INFO = NO;
				SDKROOT = iphoneos;
				SWIFT_OPTIMIZATION_LEVEL = "-Owholemodule";
				VALIDATE_PRODUCT = YES;
			};
			name = Release;
		};
		184B822A1FC02D0A00C11AB3 /* Debug */ = {
			isa = XCBuildConfiguration;
			buildSettings = {
				ASSETCATALOG_COMPILER_APPICON_NAME = AppIcon;
				CODE_SIGN_STYLE = Automatic;
				INFOPLIST_FILE = SwiftDemo/SupportingFiles/Info.plist;
				LD_RUNPATH_SEARCH_PATHS = "$(inherited) @executable_path/Frameworks";
				PRODUCT_BUNDLE_IDENTIFIER = com.myz.SwiftDemo;
				PRODUCT_NAME = "$(TARGET_NAME)";
				SWIFT_VERSION = 4.0;
				TARGETED_DEVICE_FAMILY = "1,2";
			};
			name = Debug;
		};
		184B822B1FC02D0A00C11AB3 /* Release */ = {
			isa = XCBuildConfiguration;
			buildSettings = {
				ASSETCATALOG_COMPILER_APPICON_NAME = AppIcon;
				CODE_SIGN_STYLE = Automatic;
				INFOPLIST_FILE = SwiftDemo/SupportingFiles/Info.plist;
				LD_RUNPATH_SEARCH_PATHS = "$(inherited) @executable_path/Frameworks";
				PRODUCT_BUNDLE_IDENTIFIER = com.myz.SwiftDemo;
				PRODUCT_NAME = "$(TARGET_NAME)";
				SWIFT_VERSION = 4.0;
				TARGETED_DEVICE_FAMILY = "1,2";
			};
			name = Release;
		};
/* End XCBuildConfiguration section */

/* Begin XCConfigurationList section */
		184B82121FC02D0A00C11AB3 /* Build configuration list for PBXProject "SwiftDemo" */ = {
			isa = XCConfigurationList;
			buildConfigurations = (
				184B82271FC02D0A00C11AB3 /* Debug */,
				184B82281FC02D0A00C11AB3 /* Release */,
			);
			defaultConfigurationIsVisible = 0;
			defaultConfigurationName = Release;
		};
		184B82291FC02D0A00C11AB3 /* Build configuration list for PBXNativeTarget "SwiftDemo" */ = {
			isa = XCConfigurationList;
			buildConfigurations = (
				184B822A1FC02D0A00C11AB3 /* Debug */,
				184B822B1FC02D0A00C11AB3 /* Release */,
			);
			defaultConfigurationIsVisible = 0;
			defaultConfigurationName = Release;
		};
/* End XCConfigurationList section */
	};
	rootObject = 184B820F1FC02D0A00C11AB3 /* Project object */;
}
