// !$*UTF8*$!
{
	archiveVersion = 1;
	classes = {
	};
	objectVersion = 50;
	objects = {

/* Begin PBXBuildFile section */
		DA35E5C52217FB08007E8870 /* HelloTest.h in Headers */ = {isa = PBXBuildFile; fileRef = DA35E5C32217FB08007E8870 /* HelloTest.h */; settings = {ATTRIBUTES = (Public, ); }; };
		DA35E5CA2217FB15007E8870 /* Hello.swift in Sources */ = {isa = PBXBuildFile; fileRef = DA35E5C92217FB15007E8870 /* Hello.swift */; };
		DA4407C521BF6A3500B4DF52 /* main.m in Sources */ = {isa = PBXBuildFile; fileRef = DA4407C421BF6A3500B4DF52 /* main.m */; };
		DA4407CB21BF6AC600B4DF52 /* MySwift.swift in Sources */ = {isa = PBXBuildFile; fileRef = DA4407CA21BF6AC600B4DF52 /* MySwift.swift */; };
		DA4407D321BF6B0000B4DF52 /* main.swift in Sources */ = {isa = PBXBuildFile; fileRef = DA4407D221BF6B0000B4DF52 /* main.swift */; };
		DA4407DC21BF6B4800B4DF52 /* MyObject.m in Sources */ = {isa = PBXBuildFile; fileRef = DA4407DB21BF6B4800B4DF52 /* MyObject.m */; };
		DA4C5E2D215DB66100EDACE7 /* main.swift in Sources */ = {isa = PBXBuildFile; fileRef = DA4C5E2C215DB66100EDACE7 /* main.swift */; };
		DA7B9D2E21F6AFF5007847BD /* MyClassExtension.swift in Sources */ = {isa = PBXBuildFile; fileRef = DA7B9D2D21F6AFF5007847BD /* MyClassExtension.swift */; };
		DA7B9D3021F6B0D4007847BD /* MyClass.swift in Sources */ = {isa = PBXBuildFile; fileRef = DA7B9D2F21F6B0D4007847BD /* MyClass.swift */; };
		DAAAC1B521CDE76E0019E0B1 /* AppDelegate.swift in Sources */ = {isa = PBXBuildFile; fileRef = DAAAC1B421CDE76E0019E0B1 /* AppDelegate.swift */; };
		DAAAC1B721CDE76E0019E0B1 /* ViewController.swift in Sources */ = {isa = PBXBuildFile; fileRef = DAAAC1B621CDE76E0019E0B1 /* ViewController.swift */; };
		DAAAC1BA21CDE76E0019E0B1 /* Main.storyboard in Resources */ = {isa = PBXBuildFile; fileRef = DAAAC1B821CDE76E0019E0B1 /* Main.storyboard */; };
		DAAAC1BC21CDE76F0019E0B1 /* Assets.xcassets in Resources */ = {isa = PBXBuildFile; fileRef = DAAAC1BB21CDE76F0019E0B1 /* Assets.xcassets */; };
		DAAAC1BF21CDE76F0019E0B1 /* LaunchScreen.storyboard in Resources */ = {isa = PBXBuildFile; fileRef = DAAAC1BD21CDE76F0019E0B1 /* LaunchScreen.storyboard */; };
		DAAAC1C521CDE85E0019E0B1 /* DispatchWorkItem.swift in Sources */ = {isa = PBXBuildFile; fileRef = DAAAC1C421CDE85E0019E0B1 /* DispatchWorkItem.swift */; };
		DAAFDEB521F42857005623DC /* test.c in Sources */ = {isa = PBXBuildFile; fileRef = DAAFDEB421F42857005623DC /* test.c */; };
		DAD1046E21FC3E9A002C80AB /* main.swift in Sources */ = {isa = PBXBuildFile; fileRef = DAD1046D21FC3E9A002C80AB /* main.swift */; };
		DAD837C221D45B2E008E2739 /* DispatchWorkItem.swift in Sources */ = {isa = PBXBuildFile; fileRef = DAD837C121D45B2E008E2739 /* DispatchWorkItem.swift */; };
		DAEFB81021B2247B0004D0FB /* main.swift in Sources */ = {isa = PBXBuildFile; fileRef = DAEFB80F21B2247B0004D0FB /* main.swift */; };
/* End PBXBuildFile section */

/* Begin PBXCopyFilesBuildPhase section */
		DA35E5A52217F65D007E8870 /* Embed Frameworks */ = {
			isa = PBXCopyFilesBuildPhase;
			buildActionMask = 2147483647;
			dstPath = "";
			dstSubfolderSpec = 10;
			files = (
			);
			name = "Embed Frameworks";
			runOnlyForDeploymentPostprocessing = 0;
		};
		DA4407C021BF6A3500B4DF52 /* CopyFiles */ = {
			isa = PBXCopyFilesBuildPhase;
			buildActionMask = 2147483647;
			dstPath = /usr/share/man/man1/;
			dstSubfolderSpec = 0;
			files = (
			);
			runOnlyForDeploymentPostprocessing = 1;
		};
		DA4407CE21BF6B0000B4DF52 /* CopyFiles */ = {
			isa = PBXCopyFilesBuildPhase;
			buildActionMask = 2147483647;
			dstPath = /usr/share/man/man1/;
			dstSubfolderSpec = 0;
			files = (
			);
			runOnlyForDeploymentPostprocessing = 1;
		};
		DA4C5E27215DB66100EDACE7 /* CopyFiles */ = {
			isa = PBXCopyFilesBuildPhase;
			buildActionMask = 2147483647;
			dstPath = /usr/share/man/man1/;
			dstSubfolderSpec = 0;
			files = (
			);
			runOnlyForDeploymentPostprocessing = 1;
		};
		DAD1046921FC3E9A002C80AB /* CopyFiles */ = {
			isa = PBXCopyFilesBuildPhase;
			buildActionMask = 2147483647;
			dstPath = /usr/share/man/man1/;
			dstSubfolderSpec = 0;
			files = (
			);
			runOnlyForDeploymentPostprocessing = 1;
		};
		DAEFB80B21B2247B0004D0FB /* CopyFiles */ = {
			isa = PBXCopyFilesBuildPhase;
			buildActionMask = 2147483647;
			dstPath = /usr/share/man/man1/;
			dstSubfolderSpec = 0;
			files = (
			);
			runOnlyForDeploymentPostprocessing = 1;
		};
/* End PBXCopyFilesBuildPhase section */

/* Begin PBXFileReference section */
		DA35E5C12217FB08007E8870 /* HelloTest.framework */ = {isa = PBXFileReference; explicitFileType = wrapper.framework; includeInIndex = 0; path = HelloTest.framework; sourceTree = BUILT_PRODUCTS_DIR; };
		DA35E5C32217FB08007E8870 /* HelloTest.h */ = {isa = PBXFileReference; lastKnownFileType = sourcecode.c.h; path = HelloTest.h; sourceTree = "<group>"; };
		DA35E5C42217FB08007E8870 /* Info.plist */ = {isa = PBXFileReference; lastKnownFileType = text.plist.xml; path = Info.plist; sourceTree = "<group>"; };
		DA35E5C92217FB15007E8870 /* Hello.swift */ = {isa = PBXFileReference; lastKnownFileType = sourcecode.swift; path = Hello.swift; sourceTree = "<group>"; };
		DA4407C221BF6A3500B4DF52 /* OCTOSwiftExample */ = {isa = PBXFileReference; explicitFileType = "compiled.mach-o.executable"; includeInIndex = 0; path = OCTOSwiftExample; sourceTree = BUILT_PRODUCTS_DIR; };
		DA4407C421BF6A3500B4DF52 /* main.m */ = {isa = PBXFileReference; lastKnownFileType = sourcecode.c.objc; path = main.m; sourceTree = "<group>"; };
		DA4407C921BF6AC600B4DF52 /* OCTOSwiftExample-Bridging-Header.h */ = {isa = PBXFileReference; lastKnownFileType = sourcecode.c.h; path = "OCTOSwiftExample-Bridging-Header.h"; sourceTree = "<group>"; };
		DA4407CA21BF6AC600B4DF52 /* MySwift.swift */ = {isa = PBXFileReference; lastKnownFileType = sourcecode.swift; path = MySwift.swift; sourceTree = "<group>"; };
		DA4407D021BF6B0000B4DF52 /* SwiftToOCExample */ = {isa = PBXFileReference; explicitFileType = "compiled.mach-o.executable"; includeInIndex = 0; path = SwiftToOCExample; sourceTree = BUILT_PRODUCTS_DIR; };
		DA4407D221BF6B0000B4DF52 /* main.swift */ = {isa = PBXFileReference; lastKnownFileType = sourcecode.swift; path = main.swift; sourceTree = "<group>"; };
		DA4407D921BF6B4700B4DF52 /* SwiftToOCExample-Bridging-Header.h */ = {isa = PBXFileReference; lastKnownFileType = sourcecode.c.h; path = "SwiftToOCExample-Bridging-Header.h"; sourceTree = "<group>"; };
		DA4407DA21BF6B4800B4DF52 /* MyObject.h */ = {isa = PBXFileReference; lastKnownFileType = sourcecode.c.h; path = MyObject.h; sourceTree = "<group>"; };
		DA4407DB21BF6B4800B4DF52 /* MyObject.m */ = {isa = PBXFileReference; lastKnownFileType = sourcecode.c.objc; path = MyObject.m; sourceTree = "<group>"; };
		DA4C5E29215DB66100EDACE7 /* SwiftTips */ = {isa = PBXFileReference; explicitFileType = "compiled.mach-o.executable"; includeInIndex = 0; path = SwiftTips; sourceTree = BUILT_PRODUCTS_DIR; };
		DA4C5E2C215DB66100EDACE7 /* main.swift */ = {isa = PBXFileReference; lastKnownFileType = sourcecode.swift; path = main.swift; sourceTree = "<group>"; };
		DA7B9D2D21F6AFF5007847BD /* MyClassExtension.swift */ = {isa = PBXFileReference; lastKnownFileType = sourcecode.swift; path = MyClassExtension.swift; sourceTree = "<group>"; };
		DA7B9D2F21F6B0D4007847BD /* MyClass.swift */ = {isa = PBXFileReference; lastKnownFileType = sourcecode.swift; path = MyClass.swift; sourceTree = "<group>"; };
		DAAAC1B221CDE76E0019E0B1 /* SwiftAppTest.app */ = {isa = PBXFileReference; explicitFileType = wrapper.application; includeInIndex = 0; path = SwiftAppTest.app; sourceTree = BUILT_PRODUCTS_DIR; };
		DAAAC1B421CDE76E0019E0B1 /* AppDelegate.swift */ = {isa = PBXFileReference; lastKnownFileType = sourcecode.swift; path = AppDelegate.swift; sourceTree = "<group>"; };
		DAAAC1B621CDE76E0019E0B1 /* ViewController.swift */ = {isa = PBXFileReference; lastKnownFileType = sourcecode.swift; path = ViewController.swift; sourceTree = "<group>"; };
		DAAAC1B921CDE76E0019E0B1 /* Base */ = {isa = PBXFileReference; lastKnownFileType = file.storyboard; name = Base; path = Base.lproj/Main.storyboard; sourceTree = "<group>"; };
		DAAAC1BB21CDE76F0019E0B1 /* Assets.xcassets */ = {isa = PBXFileReference; lastKnownFileType = folder.assetcatalog; path = Assets.xcassets; sourceTree = "<group>"; };
		DAAAC1BE21CDE76F0019E0B1 /* Base */ = {isa = PBXFileReference; lastKnownFileType = file.storyboard; name = Base; path = Base.lproj/LaunchScreen.storyboard; sourceTree = "<group>"; };
		DAAAC1C021CDE76F0019E0B1 /* Info.plist */ = {isa = PBXFileReference; lastKnownFileType = text.plist.xml; path = Info.plist; sourceTree = "<group>"; };
		DAAAC1C421CDE85E0019E0B1 /* DispatchWorkItem.swift */ = {isa = PBXFileReference; lastKnownFileType = sourcecode.swift; path = DispatchWorkItem.swift; sourceTree = "<group>"; };
		DAAFDEB321F42857005623DC /* test.h */ = {isa = PBXFileReference; lastKnownFileType = sourcecode.c.h; path = test.h; sourceTree = "<group>"; };
		DAAFDEB421F42857005623DC /* test.c */ = {isa = PBXFileReference; lastKnownFileType = sourcecode.c.c; path = test.c; sourceTree = "<group>"; };
		DAD1046B21FC3E9A002C80AB /* SwiftDevelopment */ = {isa = PBXFileReference; explicitFileType = "compiled.mach-o.executable"; includeInIndex = 0; path = SwiftDevelopment; sourceTree = BUILT_PRODUCTS_DIR; };
		DAD1046D21FC3E9A002C80AB /* main.swift */ = {isa = PBXFileReference; lastKnownFileType = sourcecode.swift; path = main.swift; sourceTree = "<group>"; };
		DAD837C121D45B2E008E2739 /* DispatchWorkItem.swift */ = {isa = PBXFileReference; fileEncoding = 4; lastKnownFileType = sourcecode.swift; name = DispatchWorkItem.swift; path = SwiftAppTest/DispatchWorkItem.swift; sourceTree = SOURCE_ROOT; };
		DAEFB80D21B2247B0004D0FB /* OCToSwift */ = {isa = PBXFileReference; explicitFileType = "compiled.mach-o.executable"; includeInIndex = 0; path = OCToSwift; sourceTree = BUILT_PRODUCTS_DIR; };
		DAEFB80F21B2247B0004D0FB /* main.swift */ = {isa = PBXFileReference; lastKnownFileType = sourcecode.swift; path = main.swift; sourceTree = "<group>"; };
/* End PBXFileReference section */

/* Begin PBXFrameworksBuildPhase section */
		DA35E5BD2217FB08007E8870 /* Frameworks */ = {
			isa = PBXFrameworksBuildPhase;
			buildActionMask = 2147483647;
			files = (
			);
			runOnlyForDeploymentPostprocessing = 0;
		};
		DA4407BF21BF6A3500B4DF52 /* Frameworks */ = {
			isa = PBXFrameworksBuildPhase;
			buildActionMask = 2147483647;
			files = (
			);
			runOnlyForDeploymentPostprocessing = 0;
		};
		DA4407CD21BF6B0000B4DF52 /* Frameworks */ = {
			isa = PBXFrameworksBuildPhase;
			buildActionMask = 2147483647;
			files = (
			);
			runOnlyForDeploymentPostprocessing = 0;
		};
		DA4C5E26215DB66100EDACE7 /* Frameworks */ = {
			isa = PBXFrameworksBuildPhase;
			buildActionMask = 2147483647;
			files = (
			);
			runOnlyForDeploymentPostprocessing = 0;
		};
		DAAAC1AF21CDE76E0019E0B1 /* Frameworks */ = {
			isa = PBXFrameworksBuildPhase;
			buildActionMask = 2147483647;
			files = (
			);
			runOnlyForDeploymentPostprocessing = 0;
		};
		DAD1046821FC3E9A002C80AB /* Frameworks */ = {
			isa = PBXFrameworksBuildPhase;
			buildActionMask = 2147483647;
			files = (
			);
			runOnlyForDeploymentPostprocessing = 0;
		};
		DAEFB80A21B2247B0004D0FB /* Frameworks */ = {
			isa = PBXFrameworksBuildPhase;
			buildActionMask = 2147483647;
			files = (
			);
			runOnlyForDeploymentPostprocessing = 0;
		};
/* End PBXFrameworksBuildPhase section */

/* Begin PBXGroup section */
		DA35E5C22217FB08007E8870 /* HelloTest */ = {
			isa = PBXGroup;
			children = (
				DA35E5C32217FB08007E8870 /* HelloTest.h */,
				DA35E5C42217FB08007E8870 /* Info.plist */,
				DA35E5C92217FB15007E8870 /* Hello.swift */,
			);
			path = HelloTest;
			sourceTree = "<group>";
		};
		DA4407C321BF6A3500B4DF52 /* OCTOSwiftExample */ = {
			isa = PBXGroup;
			children = (
				DA4407C421BF6A3500B4DF52 /* main.m */,
				DA4407CA21BF6AC600B4DF52 /* MySwift.swift */,
				DA4407C921BF6AC600B4DF52 /* OCTOSwiftExample-Bridging-Header.h */,
			);
			path = OCTOSwiftExample;
			sourceTree = "<group>";
		};
		DA4407D121BF6B0000B4DF52 /* SwiftToOCExample */ = {
			isa = PBXGroup;
			children = (
				DA4407D221BF6B0000B4DF52 /* main.swift */,
				DA4407DA21BF6B4800B4DF52 /* MyObject.h */,
				DA4407DB21BF6B4800B4DF52 /* MyObject.m */,
				DAAFDEB321F42857005623DC /* test.h */,
				DAAFDEB421F42857005623DC /* test.c */,
				DA4407D921BF6B4700B4DF52 /* SwiftToOCExample-Bridging-Header.h */,
			);
			path = SwiftToOCExample;
			sourceTree = "<group>";
		};
		DA4C5E20215DB66100EDACE7 = {
			isa = PBXGroup;
			children = (
				DA4C5E2B215DB66100EDACE7 /* SwiftTips */,
				DAEFB80E21B2247B0004D0FB /* OCToSwift */,
				DAD1046C21FC3E9A002C80AB /* SwiftDevelopment */,
				DA4407C321BF6A3500B4DF52 /* OCTOSwiftExample */,
				DA4407D121BF6B0000B4DF52 /* SwiftToOCExample */,
				DAAAC1B321CDE76E0019E0B1 /* SwiftAppTest */,
				DA35E5C22217FB08007E8870 /* HelloTest */,
				DA4C5E2A215DB66100EDACE7 /* Products */,
			);
			sourceTree = "<group>";
		};
		DA4C5E2A215DB66100EDACE7 /* Products */ = {
			isa = PBXGroup;
			children = (
				DA4C5E29215DB66100EDACE7 /* SwiftTips */,
				DAEFB80D21B2247B0004D0FB /* OCToSwift */,
				DA4407C221BF6A3500B4DF52 /* OCTOSwiftExample */,
				DA4407D021BF6B0000B4DF52 /* SwiftToOCExample */,
				DAAAC1B221CDE76E0019E0B1 /* SwiftAppTest.app */,
				DAD1046B21FC3E9A002C80AB /* SwiftDevelopment */,
				DA35E5C12217FB08007E8870 /* HelloTest.framework */,
			);
			name = Products;
			sourceTree = "<group>";
		};
		DA4C5E2B215DB66100EDACE7 /* SwiftTips */ = {
			isa = PBXGroup;
			children = (
				DA4C5E2C215DB66100EDACE7 /* main.swift */,
			);
			path = SwiftTips;
			sourceTree = "<group>";
		};
		DAAAC1B321CDE76E0019E0B1 /* SwiftAppTest */ = {
			isa = PBXGroup;
			children = (
				DAAAC1B421CDE76E0019E0B1 /* AppDelegate.swift */,
				DAAAC1B621CDE76E0019E0B1 /* ViewController.swift */,
				DAAAC1C421CDE85E0019E0B1 /* DispatchWorkItem.swift */,
				DAAAC1B821CDE76E0019E0B1 /* Main.storyboard */,
				DAAAC1BB21CDE76F0019E0B1 /* Assets.xcassets */,
				DAAAC1BD21CDE76F0019E0B1 /* LaunchScreen.storyboard */,
				DAAAC1C021CDE76F0019E0B1 /* Info.plist */,
			);
			path = SwiftAppTest;
			sourceTree = "<group>";
		};
		DAD1046C21FC3E9A002C80AB /* SwiftDevelopment */ = {
			isa = PBXGroup;
			children = (
				DAD1046D21FC3E9A002C80AB /* main.swift */,
			);
			path = SwiftDevelopment;
			sourceTree = "<group>";
		};
		DAEFB80E21B2247B0004D0FB /* OCToSwift */ = {
			isa = PBXGroup;
			children = (
				DAEFB80F21B2247B0004D0FB /* main.swift */,
				DA7B9D2F21F6B0D4007847BD /* MyClass.swift */,
				DA7B9D2D21F6AFF5007847BD /* MyClassExtension.swift */,
				DAD837C121D45B2E008E2739 /* DispatchWorkItem.swift */,
			);
			path = OCToSwift;
			sourceTree = "<group>";
		};
/* End PBXGroup section */

/* Begin PBXHeadersBuildPhase section */
		DA35E5BE2217FB08007E8870 /* Headers */ = {
			isa = PBXHeadersBuildPhase;
			buildActionMask = 2147483647;
			files = (
				DA35E5C52217FB08007E8870 /* HelloTest.h in Headers */,
			);
			runOnlyForDeploymentPostprocessing = 0;
		};
/* End PBXHeadersBuildPhase section */

/* Begin PBXNativeTarget section */
		DA35E5C02217FB08007E8870 /* HelloTest */ = {
			isa = PBXNativeTarget;
			buildConfigurationList = DA35E5C62217FB08007E8870 /* Build configuration list for PBXNativeTarget "HelloTest" */;
			buildPhases = (
				DA35E5BC2217FB08007E8870 /* Sources */,
				DA35E5BD2217FB08007E8870 /* Frameworks */,
				DA35E5BE2217FB08007E8870 /* Headers */,
				DA35E5BF2217FB08007E8870 /* Resources */,
			);
			buildRules = (
			);
			dependencies = (
			);
			name = HelloTest;
			productName = HelloTest;
			productReference = DA35E5C12217FB08007E8870 /* HelloTest.framework */;
			productType = "com.apple.product-type.framework";
		};
		DA4407C121BF6A3500B4DF52 /* OCTOSwiftExample */ = {
			isa = PBXNativeTarget;
			buildConfigurationList = DA4407C821BF6A3500B4DF52 /* Build configuration list for PBXNativeTarget "OCTOSwiftExample" */;
			buildPhases = (
				DA4407BE21BF6A3500B4DF52 /* Sources */,
				DA4407BF21BF6A3500B4DF52 /* Frameworks */,
				DA4407C021BF6A3500B4DF52 /* CopyFiles */,
			);
			buildRules = (
			);
			dependencies = (
			);
			name = OCTOSwiftExample;
			productName = OCTOSwiftExample;
			productReference = DA4407C221BF6A3500B4DF52 /* OCTOSwiftExample */;
			productType = "com.apple.product-type.tool";
		};
		DA4407CF21BF6B0000B4DF52 /* SwiftToOCExample */ = {
			isa = PBXNativeTarget;
			buildConfigurationList = DA4407D421BF6B0000B4DF52 /* Build configuration list for PBXNativeTarget "SwiftToOCExample" */;
			buildPhases = (
				DA4407CC21BF6B0000B4DF52 /* Sources */,
				DA4407CD21BF6B0000B4DF52 /* Frameworks */,
				DA4407CE21BF6B0000B4DF52 /* CopyFiles */,
			);
			buildRules = (
			);
			dependencies = (
			);
			name = SwiftToOCExample;
			productName = SwiftToOCExample;
			productReference = DA4407D021BF6B0000B4DF52 /* SwiftToOCExample */;
			productType = "com.apple.product-type.tool";
		};
		DA4C5E28215DB66100EDACE7 /* SwiftTips */ = {
			isa = PBXNativeTarget;
			buildConfigurationList = DA4C5E30215DB66100EDACE7 /* Build configuration list for PBXNativeTarget "SwiftTips" */;
			buildPhases = (
				DA4C5E25215DB66100EDACE7 /* Sources */,
				DA4C5E26215DB66100EDACE7 /* Frameworks */,
				DA4C5E27215DB66100EDACE7 /* CopyFiles */,
			);
			buildRules = (
			);
			dependencies = (
			);
			name = SwiftTips;
			productName = SwiftTips;
			productReference = DA4C5E29215DB66100EDACE7 /* SwiftTips */;
			productType = "com.apple.product-type.tool";
		};
		DAAAC1B121CDE76E0019E0B1 /* SwiftAppTest */ = {
			isa = PBXNativeTarget;
			buildConfigurationList = DAAAC1C121CDE76F0019E0B1 /* Build configuration list for PBXNativeTarget "SwiftAppTest" */;
			buildPhases = (
				DAAAC1AE21CDE76E0019E0B1 /* Sources */,
				DAAAC1AF21CDE76E0019E0B1 /* Frameworks */,
				DAAAC1B021CDE76E0019E0B1 /* Resources */,
				DA35E5A52217F65D007E8870 /* Embed Frameworks */,
			);
			buildRules = (
			);
			dependencies = (
			);
			name = SwiftAppTest;
			productName = SwiftAppTest;
			productReference = DAAAC1B221CDE76E0019E0B1 /* SwiftAppTest.app */;
			productType = "com.apple.product-type.application";
		};
		DAD1046A21FC3E9A002C80AB /* SwiftDevelopment */ = {
			isa = PBXNativeTarget;
			buildConfigurationList = DAD1047121FC3E9A002C80AB /* Build configuration list for PBXNativeTarget "SwiftDevelopment" */;
			buildPhases = (
				DAD1046721FC3E9A002C80AB /* Sources */,
				DAD1046821FC3E9A002C80AB /* Frameworks */,
				DAD1046921FC3E9A002C80AB /* CopyFiles */,
			);
			buildRules = (
			);
			dependencies = (
			);
			name = SwiftDevelopment;
			productName = SwiftDevelopment;
			productReference = DAD1046B21FC3E9A002C80AB /* SwiftDevelopment */;
			productType = "com.apple.product-type.tool";
		};
		DAEFB80C21B2247B0004D0FB /* OCToSwift */ = {
			isa = PBXNativeTarget;
			buildConfigurationList = DAEFB81121B2247B0004D0FB /* Build configuration list for PBXNativeTarget "OCToSwift" */;
			buildPhases = (
				DAEFB80921B2247B0004D0FB /* Sources */,
				DAEFB80A21B2247B0004D0FB /* Frameworks */,
				DAEFB80B21B2247B0004D0FB /* CopyFiles */,
			);
			buildRules = (
			);
			dependencies = (
			);
			name = OCToSwift;
			productName = OCToSwift;
			productReference = DAEFB80D21B2247B0004D0FB /* OCToSwift */;
			productType = "com.apple.product-type.tool";
		};
/* End PBXNativeTarget section */

/* Begin PBXProject section */
		DA4C5E21215DB66100EDACE7 /* Project object */ = {
			isa = PBXProject;
			attributes = {
				LastSwiftUpdateCheck = 0930;
				LastUpgradeCheck = 0930;
				ORGANIZATIONNAME = myz;
				TargetAttributes = {
					DA35E5C02217FB08007E8870 = {
						CreatedOnToolsVersion = 9.3;
						LastSwiftMigration = 0930;
					};
					DA4407C121BF6A3500B4DF52 = {
						CreatedOnToolsVersion = 9.3;
						LastSwiftMigration = 0930;
					};
					DA4407CF21BF6B0000B4DF52 = {
						CreatedOnToolsVersion = 9.3;
						LastSwiftMigration = 0930;
					};
					DA4C5E28215DB66100EDACE7 = {
						CreatedOnToolsVersion = 9.3;
					};
					DAAAC1B121CDE76E0019E0B1 = {
						CreatedOnToolsVersion = 9.3;
					};
					DAD1046A21FC3E9A002C80AB = {
						CreatedOnToolsVersion = 9.3;
					};
					DAEFB80C21B2247B0004D0FB = {
						CreatedOnToolsVersion = 9.3;
					};
				};
			};
			buildConfigurationList = DA4C5E24215DB66100EDACE7 /* Build configuration list for PBXProject "SwiftTips" */;
			compatibilityVersion = "Xcode 9.3";
			developmentRegion = en;
			hasScannedForEncodings = 0;
			knownRegions = (
				en,
				Base,
			);
			mainGroup = DA4C5E20215DB66100EDACE7;
			productRefGroup = DA4C5E2A215DB66100EDACE7 /* Products */;
			projectDirPath = "";
			projectRoot = "";
			targets = (
				DA4C5E28215DB66100EDACE7 /* SwiftTips */,
				DAEFB80C21B2247B0004D0FB /* OCToSwift */,
				DA4407C121BF6A3500B4DF52 /* OCTOSwiftExample */,
				DA4407CF21BF6B0000B4DF52 /* SwiftToOCExample */,
				DAAAC1B121CDE76E0019E0B1 /* SwiftAppTest */,
				DAD1046A21FC3E9A002C80AB /* SwiftDevelopment */,
				DA35E5C02217FB08007E8870 /* HelloTest */,
			);
		};
/* End PBXProject section */

/* Begin PBXResourcesBuildPhase section */
		DA35E5BF2217FB08007E8870 /* Resources */ = {
			isa = PBXResourcesBuildPhase;
			buildActionMask = 2147483647;
			files = (
			);
			runOnlyForDeploymentPostprocessing = 0;
		};
		DAAAC1B021CDE76E0019E0B1 /* Resources */ = {
			isa = PBXResourcesBuildPhase;
			buildActionMask = 2147483647;
			files = (
				DAAAC1BF21CDE76F0019E0B1 /* LaunchScreen.storyboard in Resources */,
				DAAAC1BC21CDE76F0019E0B1 /* Assets.xcassets in Resources */,
				DAAAC1BA21CDE76E0019E0B1 /* Main.storyboard in Resources */,
			);
			runOnlyForDeploymentPostprocessing = 0;
		};
/* End PBXResourcesBuildPhase section */

/* Begin PBXSourcesBuildPhase section */
		DA35E5BC2217FB08007E8870 /* Sources */ = {
			isa = PBXSourcesBuildPhase;
			buildActionMask = 2147483647;
			files = (
				DA35E5CA2217FB15007E8870 /* Hello.swift in Sources */,
			);
			runOnlyForDeploymentPostprocessing = 0;
		};
		DA4407BE21BF6A3500B4DF52 /* Sources */ = {
			isa = PBXSourcesBuildPhase;
			buildActionMask = 2147483647;
			files = (
				DA4407C521BF6A3500B4DF52 /* main.m in Sources */,
				DA4407CB21BF6AC600B4DF52 /* MySwift.swift in Sources */,
			);
			runOnlyForDeploymentPostprocessing = 0;
		};
		DA4407CC21BF6B0000B4DF52 /* Sources */ = {
			isa = PBXSourcesBuildPhase;
			buildActionMask = 2147483647;
			files = (
				DAAFDEB521F42857005623DC /* test.c in Sources */,
				DA4407DC21BF6B4800B4DF52 /* MyObject.m in Sources */,
				DA4407D321BF6B0000B4DF52 /* main.swift in Sources */,
			);
			runOnlyForDeploymentPostprocessing = 0;
		};
		DA4C5E25215DB66100EDACE7 /* Sources */ = {
			isa = PBXSourcesBuildPhase;
			buildActionMask = 2147483647;
			files = (
				DA4C5E2D215DB66100EDACE7 /* main.swift in Sources */,
			);
			runOnlyForDeploymentPostprocessing = 0;
		};
		DAAAC1AE21CDE76E0019E0B1 /* Sources */ = {
			isa = PBXSourcesBuildPhase;
			buildActionMask = 2147483647;
			files = (
				DAAAC1C521CDE85E0019E0B1 /* DispatchWorkItem.swift in Sources */,
				DAAAC1B721CDE76E0019E0B1 /* ViewController.swift in Sources */,
				DAAAC1B521CDE76E0019E0B1 /* AppDelegate.swift in Sources */,
			);
			runOnlyForDeploymentPostprocessing = 0;
		};
		DAD1046721FC3E9A002C80AB /* Sources */ = {
			isa = PBXSourcesBuildPhase;
			buildActionMask = 2147483647;
			files = (
				DAD1046E21FC3E9A002C80AB /* main.swift in Sources */,
			);
			runOnlyForDeploymentPostprocessing = 0;
		};
		DAEFB80921B2247B0004D0FB /* Sources */ = {
			isa = PBXSourcesBuildPhase;
			buildActionMask = 2147483647;
			files = (
				DA7B9D3021F6B0D4007847BD /* MyClass.swift in Sources */,
				DA7B9D2E21F6AFF5007847BD /* MyClassExtension.swift in Sources */,
				DAEFB81021B2247B0004D0FB /* main.swift in Sources */,
				DAD837C221D45B2E008E2739 /* DispatchWorkItem.swift in Sources */,
			);
			runOnlyForDeploymentPostprocessing = 0;
		};
/* End PBXSourcesBuildPhase section */

/* Begin PBXVariantGroup section */
		DAAAC1B821CDE76E0019E0B1 /* Main.storyboard */ = {
			isa = PBXVariantGroup;
			children = (
				DAAAC1B921CDE76E0019E0B1 /* Base */,
			);
			name = Main.storyboard;
			sourceTree = "<group>";
		};
		DAAAC1BD21CDE76F0019E0B1 /* LaunchScreen.storyboard */ = {
			isa = PBXVariantGroup;
			children = (
				DAAAC1BE21CDE76F0019E0B1 /* Base */,
			);
			name = LaunchScreen.storyboard;
			sourceTree = "<group>";
		};
/* End PBXVariantGroup section */

/* Begin XCBuildConfiguration section */
		DA35E5C72217FB08007E8870 /* Debug */ = {
			isa = XCBuildConfiguration;
			buildSettings = {
				CLANG_ENABLE_MODULES = YES;
				CODE_SIGN_IDENTITY = "Mac Developer";
				CODE_SIGN_STYLE = Automatic;
				COMBINE_HIDPI_IMAGES = YES;
				CURRENT_PROJECT_VERSION = 1;
				DEFINES_MODULE = YES;
				DEVELOPMENT_TEAM = DR2Q2U5BQX;
				DYLIB_COMPATIBILITY_VERSION = 1;
				DYLIB_CURRENT_VERSION = 1;
				DYLIB_INSTALL_NAME_BASE = "@rpath";
				FRAMEWORK_VERSION = A;
				INFOPLIST_FILE = HelloTest/Info.plist;
				INSTALL_PATH = "$(LOCAL_LIBRARY_DIR)/Frameworks";
				LD_RUNPATH_SEARCH_PATHS = (
					"$(inherited)",
					"@executable_path/../Frameworks",
					"@loader_path/Frameworks",
				);
				MACOSX_DEPLOYMENT_TARGET = 10.14;
				PRODUCT_BUNDLE_IDENTIFIER = com.myz.HelloTest;
				PRODUCT_NAME = "$(TARGET_NAME:c99extidentifier)";
				SKIP_INSTALL = YES;
				SWIFT_OPTIMIZATION_LEVEL = "-Onone";
				SWIFT_VERSION = 4.0;
				VERSIONING_SYSTEM = "apple-generic";
				VERSION_INFO_PREFIX = "";
			};
			name = Debug;
		};
		DA35E5C82217FB08007E8870 /* Release */ = {
			isa = XCBuildConfiguration;
			buildSettings = {
				CLANG_ENABLE_MODULES = YES;
				CODE_SIGN_IDENTITY = "Mac Developer";
				CODE_SIGN_STYLE = Automatic;
				COMBINE_HIDPI_IMAGES = YES;
				CURRENT_PROJECT_VERSION = 1;
				DEFINES_MODULE = YES;
				DEVELOPMENT_TEAM = DR2Q2U5BQX;
				DYLIB_COMPATIBILITY_VERSION = 1;
				DYLIB_CURRENT_VERSION = 1;
				DYLIB_INSTALL_NAME_BASE = "@rpath";
				FRAMEWORK_VERSION = A;
				INFOPLIST_FILE = HelloTest/Info.plist;
				INSTALL_PATH = "$(LOCAL_LIBRARY_DIR)/Frameworks";
				LD_RUNPATH_SEARCH_PATHS = (
					"$(inherited)",
					"@executable_path/../Frameworks",
					"@loader_path/Frameworks",
				);
				MACOSX_DEPLOYMENT_TARGET = 10.14;
				PRODUCT_BUNDLE_IDENTIFIER = com.myz.HelloTest;
				PRODUCT_NAME = "$(TARGET_NAME:c99extidentifier)";
				SKIP_INSTALL = YES;
				SWIFT_VERSION = 4.0;
				VERSIONING_SYSTEM = "apple-generic";
				VERSION_INFO_PREFIX = "";
			};
			name = Release;
		};
		DA4407C621BF6A3500B4DF52 /* Debug */ = {
			isa = XCBuildConfiguration;
			buildSettings = {
				ALWAYS_EMBED_SWIFT_STANDARD_LIBRARIES = YES;
				CLANG_ENABLE_MODULES = YES;
				CODE_SIGN_STYLE = Automatic;
				DEFINES_MODULE = YES;
				LD_RUNPATH_SEARCH_PATHS = (
					"$(inherited)",
					"@executable_path/../Frameworks",
					"@loader_path/../Frameworks",
				);
				MACOSX_DEPLOYMENT_TARGET = 10.14;
				PRODUCT_NAME = "$(TARGET_NAME)";
				SWIFT_OBJC_BRIDGING_HEADER = "OCTOSwiftExample/OCTOSwiftExample-Bridging-Header.h";
				SWIFT_OPTIMIZATION_LEVEL = "-Onone";
				SWIFT_VERSION = 5.0;
			};
			name = Debug;
		};
		DA4407C721BF6A3500B4DF52 /* Release */ = {
			isa = XCBuildConfiguration;
			buildSettings = {
				ALWAYS_EMBED_SWIFT_STANDARD_LIBRARIES = YES;
				CLANG_ENABLE_MODULES = YES;
				CODE_SIGN_STYLE = Automatic;
				DEFINES_MODULE = YES;
				LD_RUNPATH_SEARCH_PATHS = (
					"$(inherited)",
					"@executable_path/../Frameworks",
					"@loader_path/../Frameworks",
				);
				MACOSX_DEPLOYMENT_TARGET = 10.14;
				PRODUCT_NAME = "$(TARGET_NAME)";
				SWIFT_OBJC_BRIDGING_HEADER = "OCTOSwiftExample/OCTOSwiftExample-Bridging-Header.h";
				SWIFT_VERSION = 5.0;
			};
			name = Release;
		};
		DA4407D521BF6B0000B4DF52 /* Debug */ = {
			isa = XCBuildConfiguration;
			buildSettings = {
				CLANG_ENABLE_MODULES = YES;
				CODE_SIGN_STYLE = Automatic;
				LD_RUNPATH_SEARCH_PATHS = (
					"$(inherited)",
					"@executable_path/../Frameworks",
					"@loader_path/../Frameworks",
				);
				MACOSX_DEPLOYMENT_TARGET = 10.14;
				PRODUCT_NAME = "$(TARGET_NAME)";
				SWIFT_OBJC_BRIDGING_HEADER = "SwiftToOCExample/SwiftToOCExample-Bridging-Header.h";
				SWIFT_OPTIMIZATION_LEVEL = "-Onone";
				SWIFT_VERSION = 4.0;
			};
			name = Debug;
		};
		DA4407D621BF6B0000B4DF52 /* Release */ = {
			isa = XCBuildConfiguration;
			buildSettings = {
				CLANG_ENABLE_MODULES = YES;
				CODE_SIGN_STYLE = Automatic;
				LD_RUNPATH_SEARCH_PATHS = (
					"$(inherited)",
					"@executable_path/../Frameworks",
					"@loader_path/../Frameworks",
				);
				MACOSX_DEPLOYMENT_TARGET = 10.14;
				PRODUCT_NAME = "$(TARGET_NAME)";
				SWIFT_OBJC_BRIDGING_HEADER = "SwiftToOCExample/SwiftToOCExample-Bridging-Header.h";
				SWIFT_VERSION = 4.0;
			};
			name = Release;
		};
		DA4C5E2E215DB66100EDACE7 /* Debug */ = {
			isa = XCBuildConfiguration;
			buildSettings = {
				ALWAYS_SEARCH_USER_PATHS = NO;
				CLANG_ANALYZER_NONNULL = YES;
				CLANG_ANALYZER_NUMBER_OBJECT_CONVERSION = YES_AGGRESSIVE;
				CLANG_CXX_LANGUAGE_STANDARD = "gnu++14";
				CLANG_CXX_LIBRARY = "libc++";
				CLANG_ENABLE_MODULES = YES;
				CLANG_ENABLE_OBJC_ARC = YES;
				CLANG_ENABLE_OBJC_WEAK = YES;
				CLANG_WARN_BLOCK_CAPTURE_AUTORELEASING = YES;
				CLANG_WARN_BOOL_CONVERSION = YES;
				CLANG_WARN_COMMA = YES;
				CLANG_WARN_CONSTANT_CONVERSION = YES;
				CLANG_WARN_DEPRECATED_OBJC_IMPLEMENTATIONS = YES;
				CLANG_WARN_DIRECT_OBJC_ISA_USAGE = YES_ERROR;
				CLANG_WARN_DOCUMENTATION_COMMENTS = YES;
				CLANG_WARN_EMPTY_BODY = YES;
				CLANG_WARN_ENUM_CONVERSION = YES;
				CLANG_WARN_INFINITE_RECURSION = YES;
				CLANG_WARN_INT_CONVERSION = YES;
				CLANG_WARN_NON_LITERAL_NULL_CONVERSION = YES;
				CLANG_WARN_OBJC_IMPLICIT_RETAIN_SELF = YES;
				CLANG_WARN_OBJC_LITERAL_CONVERSION = YES;
				CLANG_WARN_OBJC_ROOT_CLASS = YES_ERROR;
				CLANG_WARN_RANGE_LOOP_ANALYSIS = YES;
				CLANG_WARN_STRICT_PROTOTYPES = YES;
				CLANG_WARN_SUSPICIOUS_MOVE = YES;
				CLANG_WARN_UNGUARDED_AVAILABILITY = YES_AGGRESSIVE;
				CLANG_WARN_UNREACHABLE_CODE = YES;
				CLANG_WARN__DUPLICATE_METHOD_MATCH = YES;
				CODE_SIGN_IDENTITY = "-";
				COPY_PHASE_STRIP = NO;
				DEBUG_INFORMATION_FORMAT = dwarf;
				ENABLE_STRICT_OBJC_MSGSEND = YES;
				ENABLE_TESTABILITY = YES;
				GCC_C_LANGUAGE_STANDARD = gnu11;
				GCC_DYNAMIC_NO_PIC = NO;
				GCC_NO_COMMON_BLOCKS = YES;
				GCC_OPTIMIZATION_LEVEL = 0;
				GCC_PREPROCESSOR_DEFINITIONS = (
					"DEBUG=1",
					"$(inherited)",
				);
				GCC_WARN_64_TO_32_BIT_CONVERSION = YES;
				GCC_WARN_ABOUT_RETURN_TYPE = YES_ERROR;
				GCC_WARN_UNDECLARED_SELECTOR = YES;
				GCC_WARN_UNINITIALIZED_AUTOS = YES_AGGRESSIVE;
				GCC_WARN_UNUSED_FUNCTION = YES;
				GCC_WARN_UNUSED_VARIABLE = YES;
				MACOSX_DEPLOYMENT_TARGET = 10.13;
				MTL_ENABLE_DEBUG_INFO = YES;
				ONLY_ACTIVE_ARCH = YES;
				SDKROOT = macosx;
				SWIFT_ACTIVE_COMPILATION_CONDITIONS = DEBUG;
				SWIFT_OPTIMIZATION_LEVEL = "-Onone";
			};
			name = Debug;
		};
		DA4C5E2F215DB66100EDACE7 /* Release */ = {
			isa = XCBuildConfiguration;
			buildSettings = {
				ALWAYS_SEARCH_USER_PATHS = NO;
				CLANG_ANALYZER_NONNULL = YES;
				CLANG_ANALYZER_NUMBER_OBJECT_CONVERSION = YES_AGGRESSIVE;
				CLANG_CXX_LANGUAGE_STANDARD = "gnu++14";
				CLANG_CXX_LIBRARY = "libc++";
				CLANG_ENABLE_MODULES = YES;
				CLANG_ENABLE_OBJC_ARC = YES;
				CLANG_ENABLE_OBJC_WEAK = YES;
				CLANG_WARN_BLOCK_CAPTURE_AUTORELEASING = YES;
				CLANG_WARN_BOOL_CONVERSION = YES;
				CLANG_WARN_COMMA = YES;
				CLANG_WARN_CONSTANT_CONVERSION = YES;
				CLANG_WARN_DEPRECATED_OBJC_IMPLEMENTATIONS = YES;
				CLANG_WARN_DIRECT_OBJC_ISA_USAGE = YES_ERROR;
				CLANG_WARN_DOCUMENTATION_COMMENTS = YES;
				CLANG_WARN_EMPTY_BODY = YES;
				CLANG_WARN_ENUM_CONVERSION = YES;
				CLANG_WARN_INFINITE_RECURSION = YES;
				CLANG_WARN_INT_CONVERSION = YES;
				CLANG_WARN_NON_LITERAL_NULL_CONVERSION = YES;
				CLANG_WARN_OBJC_IMPLICIT_RETAIN_SELF = YES;
				CLANG_WARN_OBJC_LITERAL_CONVERSION = YES;
				CLANG_WARN_OBJC_ROOT_CLASS = YES_ERROR;
				CLANG_WARN_RANGE_LOOP_ANALYSIS = YES;
				CLANG_WARN_STRICT_PROTOTYPES = YES;
				CLANG_WARN_SUSPICIOUS_MOVE = YES;
				CLANG_WARN_UNGUARDED_AVAILABILITY = YES_AGGRESSIVE;
				CLANG_WARN_UNREACHABLE_CODE = YES;
				CLANG_WARN__DUPLICATE_METHOD_MATCH = YES;
				CODE_SIGN_IDENTITY = "-";
				COPY_PHASE_STRIP = NO;
				DEBUG_INFORMATION_FORMAT = "dwarf-with-dsym";
				ENABLE_NS_ASSERTIONS = NO;
				ENABLE_STRICT_OBJC_MSGSEND = YES;
				GCC_C_LANGUAGE_STANDARD = gnu11;
				GCC_NO_COMMON_BLOCKS = YES;
				GCC_WARN_64_TO_32_BIT_CONVERSION = YES;
				GCC_WARN_ABOUT_RETURN_TYPE = YES_ERROR;
				GCC_WARN_UNDECLARED_SELECTOR = YES;
				GCC_WARN_UNINITIALIZED_AUTOS = YES_AGGRESSIVE;
				GCC_WARN_UNUSED_FUNCTION = YES;
				GCC_WARN_UNUSED_VARIABLE = YES;
				MACOSX_DEPLOYMENT_TARGET = 10.13;
				MTL_ENABLE_DEBUG_INFO = NO;
				SDKROOT = macosx;
				SWIFT_COMPILATION_MODE = wholemodule;
				SWIFT_OPTIMIZATION_LEVEL = "-O";
			};
			name = Release;
		};
		DA4C5E31215DB66100EDACE7 /* Debug */ = {
			isa = XCBuildConfiguration;
			buildSettings = {
				CODE_SIGN_STYLE = Automatic;
				PRODUCT_NAME = "$(TARGET_NAME)";
				SWIFT_VERSION = 4.0;
			};
			name = Debug;
		};
		DA4C5E32215DB66100EDACE7 /* Release */ = {
			isa = XCBuildConfiguration;
			buildSettings = {
				CODE_SIGN_STYLE = Automatic;
				PRODUCT_NAME = "$(TARGET_NAME)";
				SWIFT_VERSION = 4.0;
			};
			name = Release;
		};
		DAAAC1C221CDE76F0019E0B1 /* Debug */ = {
			isa = XCBuildConfiguration;
			buildSettings = {
				ALWAYS_EMBED_SWIFT_STANDARD_LIBRARIES = YES;
				ASSETCATALOG_COMPILER_APPICON_NAME = AppIcon;
				CODE_SIGN_IDENTITY = "iPhone Developer";
				CODE_SIGN_STYLE = Automatic;
				INFOPLIST_FILE = SwiftAppTest/Info.plist;
				IPHONEOS_DEPLOYMENT_TARGET = 11.3;
				LD_RUNPATH_SEARCH_PATHS = (
					"$(inherited)",
					"@executable_path/Frameworks",
				);
				PRODUCT_BUNDLE_IDENTIFIER = com.myz.SwiftAppTest;
				PRODUCT_NAME = "$(TARGET_NAME)";
				SDKROOT = iphoneos;
				SWIFT_VERSION = 4.0;
				TARGETED_DEVICE_FAMILY = "1,2";
			};
			name = Debug;
		};
		DAAAC1C321CDE76F0019E0B1 /* Release */ = {
			isa = XCBuildConfiguration;
			buildSettings = {
				ALWAYS_EMBED_SWIFT_STANDARD_LIBRARIES = YES;
				ASSETCATALOG_COMPILER_APPICON_NAME = AppIcon;
				CODE_SIGN_IDENTITY = "iPhone Developer";
				CODE_SIGN_STYLE = Automatic;
				INFOPLIST_FILE = SwiftAppTest/Info.plist;
				IPHONEOS_DEPLOYMENT_TARGET = 11.3;
				LD_RUNPATH_SEARCH_PATHS = (
					"$(inherited)",
					"@executable_path/Frameworks",
				);
				PRODUCT_BUNDLE_IDENTIFIER = com.myz.SwiftAppTest;
				PRODUCT_NAME = "$(TARGET_NAME)";
				SDKROOT = iphoneos;
				SWIFT_VERSION = 4.0;
				TARGETED_DEVICE_FAMILY = "1,2";
				VALIDATE_PRODUCT = YES;
			};
			name = Release;
		};
		DAD1046F21FC3E9A002C80AB /* Debug */ = {
			isa = XCBuildConfiguration;
			buildSettings = {
				ALWAYS_EMBED_SWIFT_STANDARD_LIBRARIES = NO;
				CODE_SIGN_STYLE = Automatic;
				DEFINES_MODULE = YES;
				FRAMEWORK_SEARCH_PATHS = (
					"$(inherited)",
					"$(PROJECT_DIR)/SwiftDevelopment",
				);
				MACOSX_DEPLOYMENT_TARGET = 10.14;
				PRODUCT_NAME = "$(TARGET_NAME)";
				SWIFT_VERSION = 5.0;
			};
			name = Debug;
		};
		DAD1047021FC3E9A002C80AB /* Release */ = {
			isa = XCBuildConfiguration;
			buildSettings = {
				ALWAYS_EMBED_SWIFT_STANDARD_LIBRARIES = NO;
				CODE_SIGN_STYLE = Automatic;
				DEFINES_MODULE = YES;
				FRAMEWORK_SEARCH_PATHS = (
					"$(inherited)",
					"$(PROJECT_DIR)/SwiftDevelopment",
				);
				MACOSX_DEPLOYMENT_TARGET = 10.14;
				PRODUCT_NAME = "$(TARGET_NAME)";
				SWIFT_VERSION = 5.0;
			};
			name = Release;
		};
		DAEFB81221B2247B0004D0FB /* Debug */ = {
			isa = XCBuildConfiguration;
			buildSettings = {
				CODE_SIGN_STYLE = Automatic;
				MACOSX_DEPLOYMENT_TARGET = 10.14;
				PRODUCT_NAME = "$(TARGET_NAME)";
				SWIFT_VERSION = 4.0;
			};
			name = Debug;
		};
		DAEFB81321B2247B0004D0FB /* Release */ = {
			isa = XCBuildConfiguration;
			buildSettings = {
				CODE_SIGN_STYLE = Automatic;
				MACOSX_DEPLOYMENT_TARGET = 10.14;
				PRODUCT_NAME = "$(TARGET_NAME)";
				SWIFT_VERSION = 4.0;
			};
			name = Release;
		};
/* End XCBuildConfiguration section */

/* Begin XCConfigurationList section */
		DA35E5C62217FB08007E8870 /* Build configuration list for PBXNativeTarget "HelloTest" */ = {
			isa = XCConfigurationList;
			buildConfigurations = (
				DA35E5C72217FB08007E8870 /* Debug */,
				DA35E5C82217FB08007E8870 /* Release */,
			);
			defaultConfigurationIsVisible = 0;
			defaultConfigurationName = Release;
		};
		DA4407C821BF6A3500B4DF52 /* Build configuration list for PBXNativeTarget "OCTOSwiftExample" */ = {
			isa = XCConfigurationList;
			buildConfigurations = (
				DA4407C621BF6A3500B4DF52 /* Debug */,
				DA4407C721BF6A3500B4DF52 /* Release */,
			);
			defaultConfigurationIsVisible = 0;
			defaultConfigurationName = Release;
		};
		DA4407D421BF6B0000B4DF52 /* Build configuration list for PBXNativeTarget "SwiftToOCExample" */ = {
			isa = XCConfigurationList;
			buildConfigurations = (
				DA4407D521BF6B0000B4DF52 /* Debug */,
				DA4407D621BF6B0000B4DF52 /* Release */,
			);
			defaultConfigurationIsVisible = 0;
			defaultConfigurationName = Release;
		};
		DA4C5E24215DB66100EDACE7 /* Build configuration list for PBXProject "SwiftTips" */ = {
			isa = XCConfigurationList;
			buildConfigurations = (
				DA4C5E2E215DB66100EDACE7 /* Debug */,
				DA4C5E2F215DB66100EDACE7 /* Release */,
			);
			defaultConfigurationIsVisible = 0;
			defaultConfigurationName = Release;
		};
		DA4C5E30215DB66100EDACE7 /* Build configuration list for PBXNativeTarget "SwiftTips" */ = {
			isa = XCConfigurationList;
			buildConfigurations = (
				DA4C5E31215DB66100EDACE7 /* Debug */,
				DA4C5E32215DB66100EDACE7 /* Release */,
			);
			defaultConfigurationIsVisible = 0;
			defaultConfigurationName = Release;
		};
		DAAAC1C121CDE76F0019E0B1 /* Build configuration list for PBXNativeTarget "SwiftAppTest" */ = {
			isa = XCConfigurationList;
			buildConfigurations = (
				DAAAC1C221CDE76F0019E0B1 /* Debug */,
				DAAAC1C321CDE76F0019E0B1 /* Release */,
			);
			defaultConfigurationIsVisible = 0;
			defaultConfigurationName = Release;
		};
		DAD1047121FC3E9A002C80AB /* Build configuration list for PBXNativeTarget "SwiftDevelopment" */ = {
			isa = XCConfigurationList;
			buildConfigurations = (
				DAD1046F21FC3E9A002C80AB /* Debug */,
				DAD1047021FC3E9A002C80AB /* Release */,
			);
			defaultConfigurationIsVisible = 0;
			defaultConfigurationName = Release;
		};
		DAEFB81121B2247B0004D0FB /* Build configuration list for PBXNativeTarget "OCToSwift" */ = {
			isa = XCConfigurationList;
			buildConfigurations = (
				DAEFB81221B2247B0004D0FB /* Debug */,
				DAEFB81321B2247B0004D0FB /* Release */,
			);
			defaultConfigurationIsVisible = 0;
			defaultConfigurationName = Release;
		};
/* End XCConfigurationList section */
	};
	rootObject = DA4C5E21215DB66100EDACE7 /* Project object */;
}
